
Microsoft Visual Studio Solution File, Format Version 12.00
# Visual Studio Version 17
VisualStudioVersion = 17.7.33808.371
MinimumVisualStudioVersion = 10.0.40219.1
Project("{9A19103F-16F7-4668-BE54-9A1E7A4F7556}") = "GWSite.Web", "GWSite\GWSite.Web.csproj", "{D3DE2EC1-A5D7-4925-85F2-5716DE44853E}"
EndProject
Project("{FAE04EC0-301F-11D3-BF4B-00C04F79EFBC}") = "GW.DataAccess", "GWSite.DataAccess\GW.DataAccess.csproj", "{A6650138-803F-42AA-A3C0-21381666230D}"
EndProject
Project("{FAE04EC0-301F-11D3-BF4B-00C04F79EFBC}") = "GW.Models", "GWSite.Models\GW.Models.csproj", "{B071CEE1-907F-4237-842E-8D382907E136}"
EndProject
Project("{FAE04EC0-301F-11D3-BF4B-00C04F79EFBC}") = "GW.Utility", "GWSite.Utility\GW.Utility.csproj", "{696EA473-1ADB-4F36-88C1-2C2A380C973B}"
EndProject
Global
	GlobalSection(SolutionConfigurationPlatforms) = preSolution
		Debug|Any CPU = Debug|Any CPU
		Release|Any CPU = Release|Any CPU
	EndGlobalSection
	GlobalSection(ProjectConfigurationPlatforms) = postSolution
		{D3DE2EC1-A5D7-4925-85F2-5716DE44853E}.Debug|Any CPU.ActiveCfg = Debug|Any CPU
		{D3DE2EC1-A5D7-4925-85F2-5716DE44853E}.Debug|Any CPU.Build.0 = Debug|Any CPU
		{D3DE2EC1-A5D7-4925-85F2-5716DE44853E}.Release|Any CPU.ActiveCfg = Release|Any CPU
		{D3DE2EC1-A5D7-4925-85F2-5716DE44853E}.Release|Any CPU.Build.0 = Release|Any CPU
		{A6650138-803F-42AA-A3C0-21381666230D}.Debug|Any CPU.ActiveCfg = Debug|Any CPU
		{A6650138-803F-42AA-A3C0-21381666230D}.Debug|Any CPU.Build.0 = Debug|Any CPU
		{A6650138-803F-42AA-A3C0-21381666230D}.Release|Any CPU.ActiveCfg = Release|Any CPU
		{A6650138-803F-42AA-A3C0-21381666230D}.Release|Any CPU.Build.0 = Release|Any CPU
		{B071CEE1-907F-4237-842E-8D382907E136}.Debug|Any CPU.ActiveCfg = Debug|Any CPU
		{B071CEE1-907F-4237-842E-8D382907E136}.Debug|Any CPU.Build.0 = Debug|Any CPU
		{B071CEE1-907F-4237-842E-8D382907E136}.Release|Any CPU.ActiveCfg = Release|Any CPU
		{B071CEE1-907F-4237-842E-8D382907E136}.Release|Any CPU.Build.0 = Release|Any CPU
		{696EA473-1ADB-4F36-88C1-2C2A380C973B}.Debug|Any CPU.ActiveCfg = Debug|Any CPU
		{696EA473-1ADB-4F36-88C1-2C2A380C973B}.Debug|Any CPU.Build.0 = Debug|Any CPU
		{696EA473-1ADB-4F36-88C1-2C2A380C973B}.Release|Any CPU.ActiveCfg = Release|Any CPU
		{696EA473-1ADB-4F36-88C1-2C2A380C973B}.Release|Any CPU.Build.0 = Release|Any CPU
	EndGlobalSection
	GlobalSection(SolutionProperties) = preSolution
		HideSolutionNode = FALSE
	EndGlobalSection
	GlobalSection(ExtensibilityGlobals) = postSolution
		SolutionGuid = {5461BCB3-B908-46B6-B467-76AC85F34325}
	EndGlobalSection
EndGlobal
